
Microsoft Visual Studio Solution File, Format Version 12.00
# Visual Studio Version 17
VisualStudioVersion = 17.5.002.0
MinimumVisualStudioVersion = 10.0.40219.1
Project("{9A19103F-16F7-4668-BE54-9A1E7A4F7556}") = "Day5", "Day5.csproj", "{0EA3D955-53D4-4B69-BC5D-F13BF66641D4}"
EndProject
Global
	GlobalSection(SolutionConfigurationPlatforms) = preSolution
		Debug|Any CPU = Debug|Any CPU
		Release|Any CPU = Release|Any CPU
	EndGlobalSection
	GlobalSection(ProjectConfigurationPlatforms) = postSolution
		{0EA3D955-53D4-4B69-BC5D-F13BF66641D4}.Debug|Any CPU.ActiveCfg = Debug|Any CPU
		{0EA3D955-53D4-4B69-BC5D-F13BF66641D4}.Debug|Any CPU.Build.0 = Debug|Any CPU
		{0EA3D955-53D4-4B69-BC5D-F13BF66641D4}.Release|Any CPU.ActiveCfg = Release|Any CPU
		{0EA3D955-53D4-4B69-BC5D-F13BF66641D4}.Release|Any CPU.Build.0 = Release|Any CPU
	EndGlobalSection
	GlobalSection(SolutionProperties) = preSolution
		HideSolutionNode = FALSE
	EndGlobalSection
	GlobalSection(ExtensibilityGlobals) = postSolution
		SolutionGuid = {7B7C1C26-50F7-4222-930A-ED9E5F6EA14A}
	EndGlobalSection
EndGlobal
